
Microsoft Visual Studio Solution File, Format Version 12.00
# Visual Studio Version 17
VisualStudioVersion = 17.6.33712.159
MinimumVisualStudioVersion = 10.0.40219.1
Project("{9A19103F-16F7-4668-BE54-9A1E7A4F7556}") = "RangeTask", "RangeTask\RangeTask.csproj", "{7FA7D37D-BCDE-4557-988B-07F7BB9E1DA3}"
EndProject
Project("{9A19103F-16F7-4668-BE54-9A1E7A4F7556}") = "TreeTask", "TreeTask\TreeTask.csproj", "{6532BBCC-BE59-4648-B6D9-63CCD3CEAD30}"
EndProject
Project("{9A19103F-16F7-4668-BE54-9A1E7A4F7556}") = "ShapesTask", "ShapesTask\ShapesTask.csproj", "{BF10E390-F8AC-409D-96B9-ABC3420B8607}"
EndProject
Project("{9A19103F-16F7-4668-BE54-9A1E7A4F7556}") = "ArrayListTask", "ArrayListTask\ArrayListTask.csproj", "{5E7578CF-2A0A-44A2-AB1E-E94519189BF3}"
EndProject
Project("{9A19103F-16F7-4668-BE54-9A1E7A4F7556}") = "CsvTask", "CsvTask\CsvTask.csproj", "{0981B7EC-891B-4B20-99F8-DA144BC18175}"
EndProject
Project("{9A19103F-16F7-4668-BE54-9A1E7A4F7556}") = "GraphTask", "GraphTask\GraphTask.csproj", "{B52D3F51-4CEF-4D83-82BA-6F1123ADB4C3}"
EndProject
Project("{9A19103F-16F7-4668-BE54-9A1E7A4F7556}") = "LambdasTask", "LambdasTask\LambdasTask.csproj", "{CDD6DF62-3696-4586-AA16-2A89018A9D63}"
EndProject
Project("{9A19103F-16F7-4668-BE54-9A1E7A4F7556}") = "TemperatureTask", "TemperatureTask\TemperatureTask.csproj", "{1F5F3F90-B5D1-49EB-ACD7-14FAD2D4B3E3}"
EndProject
Project("{9A19103F-16F7-4668-BE54-9A1E7A4F7556}") = "ArrayListHomeTask", "ArrayListHomeTask\ArrayListHomeTask.csproj", "{A3392458-72B9-4E05-A279-6AA4B156CD0F}"
EndProject
Project("{9A19103F-16F7-4668-BE54-9A1E7A4F7556}") = "HashTableTask", "HashTableTask\HashTableTask.csproj", "{C91216E9-E28E-4B3D-B373-0C42D7843452}"
EndProject
Project("{9A19103F-16F7-4668-BE54-9A1E7A4F7556}") = "MinesweeperUITask", "MinesweeperUITask\MinesweeperUITask.csproj", "{D3DC7271-6CD9-463C-96D7-2044F943264D}"
EndProject
Project("{9A19103F-16F7-4668-BE54-9A1E7A4F7556}") = "VectorTask", "VectorTask\VectorTask.csproj", "{5463A910-3402-4CF8-9F9B-FD6DF1096EEE}"
EndProject
Project("{9A19103F-16F7-4668-BE54-9A1E7A4F7556}") = "MatrixTask", "MatrixTask\MatrixTask.csproj", "{DF1F0BCC-2D83-4E92-993E-E27C5A952C16}"
EndProject
Project("{9A19103F-16F7-4668-BE54-9A1E7A4F7556}") = "ListTask", "ListTask\ListTask.csproj", "{AAB25B89-45F2-4E7B-AE26-A7F27A453766}"
EndProject
Global
	GlobalSection(SolutionConfigurationPlatforms) = preSolution
		Debug|Any CPU = Debug|Any CPU
		Release|Any CPU = Release|Any CPU
	EndGlobalSection
	GlobalSection(ProjectConfigurationPlatforms) = postSolution
		{7FA7D37D-BCDE-4557-988B-07F7BB9E1DA3}.Debug|Any CPU.ActiveCfg = Debug|Any CPU
		{7FA7D37D-BCDE-4557-988B-07F7BB9E1DA3}.Debug|Any CPU.Build.0 = Debug|Any CPU
		{7FA7D37D-BCDE-4557-988B-07F7BB9E1DA3}.Release|Any CPU.ActiveCfg = Release|Any CPU
		{7FA7D37D-BCDE-4557-988B-07F7BB9E1DA3}.Release|Any CPU.Build.0 = Release|Any CPU
		{6532BBCC-BE59-4648-B6D9-63CCD3CEAD30}.Debug|Any CPU.ActiveCfg = Debug|Any CPU
		{6532BBCC-BE59-4648-B6D9-63CCD3CEAD30}.Debug|Any CPU.Build.0 = Debug|Any CPU
		{6532BBCC-BE59-4648-B6D9-63CCD3CEAD30}.Release|Any CPU.ActiveCfg = Release|Any CPU
		{6532BBCC-BE59-4648-B6D9-63CCD3CEAD30}.Release|Any CPU.Build.0 = Release|Any CPU
		{BF10E390-F8AC-409D-96B9-ABC3420B8607}.Debug|Any CPU.ActiveCfg = Debug|Any CPU
		{BF10E390-F8AC-409D-96B9-ABC3420B8607}.Debug|Any CPU.Build.0 = Debug|Any CPU
		{BF10E390-F8AC-409D-96B9-ABC3420B8607}.Release|Any CPU.ActiveCfg = Release|Any CPU
		{BF10E390-F8AC-409D-96B9-ABC3420B8607}.Release|Any CPU.Build.0 = Release|Any CPU
		{5E7578CF-2A0A-44A2-AB1E-E94519189BF3}.Debug|Any CPU.ActiveCfg = Debug|Any CPU
		{5E7578CF-2A0A-44A2-AB1E-E94519189BF3}.Debug|Any CPU.Build.0 = Debug|Any CPU
		{5E7578CF-2A0A-44A2-AB1E-E94519189BF3}.Release|Any CPU.ActiveCfg = Release|Any CPU
		{5E7578CF-2A0A-44A2-AB1E-E94519189BF3}.Release|Any CPU.Build.0 = Release|Any CPU
		{0981B7EC-891B-4B20-99F8-DA144BC18175}.Debug|Any CPU.ActiveCfg = Debug|Any CPU
		{0981B7EC-891B-4B20-99F8-DA144BC18175}.Debug|Any CPU.Build.0 = Debug|Any CPU
		{0981B7EC-891B-4B20-99F8-DA144BC18175}.Release|Any CPU.ActiveCfg = Release|Any CPU
		{0981B7EC-891B-4B20-99F8-DA144BC18175}.Release|Any CPU.Build.0 = Release|Any CPU
		{B52D3F51-4CEF-4D83-82BA-6F1123ADB4C3}.Debug|Any CPU.ActiveCfg = Debug|Any CPU
		{B52D3F51-4CEF-4D83-82BA-6F1123ADB4C3}.Debug|Any CPU.Build.0 = Debug|Any CPU
		{B52D3F51-4CEF-4D83-82BA-6F1123ADB4C3}.Release|Any CPU.ActiveCfg = Release|Any CPU
		{B52D3F51-4CEF-4D83-82BA-6F1123ADB4C3}.Release|Any CPU.Build.0 = Release|Any CPU
		{CDD6DF62-3696-4586-AA16-2A89018A9D63}.Debug|Any CPU.ActiveCfg = Debug|Any CPU
		{CDD6DF62-3696-4586-AA16-2A89018A9D63}.Debug|Any CPU.Build.0 = Debug|Any CPU
		{CDD6DF62-3696-4586-AA16-2A89018A9D63}.Release|Any CPU.ActiveCfg = Release|Any CPU
		{CDD6DF62-3696-4586-AA16-2A89018A9D63}.Release|Any CPU.Build.0 = Release|Any CPU
		{1F5F3F90-B5D1-49EB-ACD7-14FAD2D4B3E3}.Debug|Any CPU.ActiveCfg = Debug|Any CPU
		{1F5F3F90-B5D1-49EB-ACD7-14FAD2D4B3E3}.Debug|Any CPU.Build.0 = Debug|Any CPU
		{1F5F3F90-B5D1-49EB-ACD7-14FAD2D4B3E3}.Release|Any CPU.ActiveCfg = Release|Any CPU
		{1F5F3F90-B5D1-49EB-ACD7-14FAD2D4B3E3}.Release|Any CPU.Build.0 = Release|Any CPU
		{A3392458-72B9-4E05-A279-6AA4B156CD0F}.Debug|Any CPU.ActiveCfg = Debug|Any CPU
		{A3392458-72B9-4E05-A279-6AA4B156CD0F}.Debug|Any CPU.Build.0 = Debug|Any CPU
		{A3392458-72B9-4E05-A279-6AA4B156CD0F}.Release|Any CPU.ActiveCfg = Release|Any CPU
		{A3392458-72B9-4E05-A279-6AA4B156CD0F}.Release|Any CPU.Build.0 = Release|Any CPU
		{C91216E9-E28E-4B3D-B373-0C42D7843452}.Debug|Any CPU.ActiveCfg = Debug|Any CPU
		{C91216E9-E28E-4B3D-B373-0C42D7843452}.Debug|Any CPU.Build.0 = Debug|Any CPU
		{C91216E9-E28E-4B3D-B373-0C42D7843452}.Release|Any CPU.ActiveCfg = Release|Any CPU
		{C91216E9-E28E-4B3D-B373-0C42D7843452}.Release|Any CPU.Build.0 = Release|Any CPU
		{D3DC7271-6CD9-463C-96D7-2044F943264D}.Debug|Any CPU.ActiveCfg = Debug|Any CPU
		{D3DC7271-6CD9-463C-96D7-2044F943264D}.Debug|Any CPU.Build.0 = Debug|Any CPU
		{D3DC7271-6CD9-463C-96D7-2044F943264D}.Release|Any CPU.ActiveCfg = Release|Any CPU
		{D3DC7271-6CD9-463C-96D7-2044F943264D}.Release|Any CPU.Build.0 = Release|Any CPU
		{5463A910-3402-4CF8-9F9B-FD6DF1096EEE}.Debug|Any CPU.ActiveCfg = Debug|Any CPU
		{5463A910-3402-4CF8-9F9B-FD6DF1096EEE}.Debug|Any CPU.Build.0 = Debug|Any CPU
		{5463A910-3402-4CF8-9F9B-FD6DF1096EEE}.Release|Any CPU.ActiveCfg = Release|Any CPU
		{5463A910-3402-4CF8-9F9B-FD6DF1096EEE}.Release|Any CPU.Build.0 = Release|Any CPU
		{DF1F0BCC-2D83-4E92-993E-E27C5A952C16}.Debug|Any CPU.ActiveCfg = Debug|Any CPU
		{DF1F0BCC-2D83-4E92-993E-E27C5A952C16}.Debug|Any CPU.Build.0 = Debug|Any CPU
		{DF1F0BCC-2D83-4E92-993E-E27C5A952C16}.Release|Any CPU.ActiveCfg = Release|Any CPU
		{DF1F0BCC-2D83-4E92-993E-E27C5A952C16}.Release|Any CPU.Build.0 = Release|Any CPU
		{AAB25B89-45F2-4E7B-AE26-A7F27A453766}.Debug|Any CPU.ActiveCfg = Debug|Any CPU
		{AAB25B89-45F2-4E7B-AE26-A7F27A453766}.Debug|Any CPU.Build.0 = Debug|Any CPU
		{AAB25B89-45F2-4E7B-AE26-A7F27A453766}.Release|Any CPU.ActiveCfg = Release|Any CPU
		{AAB25B89-45F2-4E7B-AE26-A7F27A453766}.Release|Any CPU.Build.0 = Release|Any CPU
	EndGlobalSection
	GlobalSection(SolutionProperties) = preSolution
		HideSolutionNode = FALSE
	EndGlobalSection
	GlobalSection(ExtensibilityGlobals) = postSolution
		SolutionGuid = {E347091C-070E-4D18-A22E-CF9D91EC2D66}
	EndGlobalSection
EndGlobal
